<?xml version="1.0" encoding="utf-8"?>
<Project ToolsVersion="4.0" xmlns="http://schemas.microsoft.com/developer/msbuild/2003">
  <ItemGroup>
    <Filter Include="Source Files">
      <UniqueIdentifier>{4FC737F1-C7A5-4376-A066-2A32D752A2FF}</UniqueIdentifier>
      <Extensions>cpp;c;cc;cxx;def;odl;idl;hpj;bat;asm;asmx</Extensions>
    </Filter>
    <Filter Include="Header Files">
      <UniqueIdentifier>{93995380-89BD-4b04-88EB-625FBE52EBFB}</UniqueIdentifier>
      <Extensions>h;hh;hpp;hxx;hm;inl;inc;ipp;xsd</Extensions>
    </Filter>
    <Filter Include="Resource Files">
      <UniqueIdentifier>{67DA6AB6-F800-4c08-8B7A-83BB121AAD01}</UniqueIdentifier>
      <Extensions>rc;ico;cur;bmp;dlg;rc2;rct;bin;rgs;gif;jpg;jpeg;jpe;resx;tiff;tif;png;wav;mfcribbon-ms</Extensions>
    </Filter>
  </ItemGroup>
  <ItemGroup>
    <ClCompile Include="main.cpp">
      <Filter>Source Files</Filter>
    </ClCompile>
    <ClCompile Include="Globals.cpp">
      <Filter>Source Files</Filter>
    </ClCompile>
    <ClCompile Include="Object.cpp">
      <Filter>Source Files</Filter>
    </ClCompile>
    <ClCompile Include="Position.cpp">
      <Filter>Source Files</Filter>
    </ClCompile>
    <ClCompile Include="Rectangle.cpp">
      <Filter>Source Files</Filter>
    </ClCompile>
    <ClCompile Include="RenderPackage.cpp">
      <Filter>Source Files</Filter>
    </ClCompile>
    <ClCompile Include="Scene.cpp">
      <Filter>Source Files</Filter>
    </ClCompile>
    <ClCompile Include="ShaderHandler.cpp">
      <Filter>Source Files</Filter>
    </ClCompile>
    <ClCompile Include="Shape.cpp">
      <Filter>Source Files</Filter>
    </ClCompile>
    <ClCompile Include="Timer.cpp">
      <Filter>Source Files</Filter>
    </ClCompile>
    <ClCompile Include="Triangle.cpp">
      <Filter>Source Files</Filter>
    </ClCompile>
    <ClCompile Include="VertexGenerator.cpp">
      <Filter>Source Files</Filter>
    </ClCompile>
    <ClCompile Include="Window.cpp">
      <Filter>Source Files</Filter>
    </ClCompile>
    <ClCompile Include="Input.cpp">
      <Filter>Source Files</Filter>
    </ClCompile>
    <ClCompile Include="GLHandler.cpp">
      <Filter>Source Files</Filter>
    </ClCompile>
    <ClCompile Include="Color.cpp">
      <Filter>Source Files</Filter>
    </ClCompile>
    <ClCompile Include="Debug.cpp">
      <Filter>Source Files</Filter>
    </ClCompile>
    <ClCompile Include="Drawable.cpp">
      <Filter>Source Files</Filter>
    </ClCompile>
    <ClCompile Include="FileUtil.cpp">
      <Filter>Source Files</Filter>
    </ClCompile>
    <ClCompile Include="Game.cpp">
      <Filter>Source Files</Filter>
    </ClCompile>
    <ClCompile Include="deps\glad.c">
      <Filter>Source Files</Filter>
    </ClCompile>
  </ItemGroup>
  <ItemGroup>
    <None Include="Makefile" />
    <None Include="concat-headers.sh" />
    <None Include="ConsoleApplication1.aps" />
    <None Include=".gitignore" />
    <None Include="include\FileUtil.hpp.gch" />
    <None Include="shaders\default.frag" />
    <None Include="shaders\default.vert" />
  </ItemGroup>
  <ItemGroup>
    <Text Include="current_state.txt" />
  </ItemGroup>
  <ItemGroup>
    <ClInclude Include="include\Color.hpp">
      <Filter>Header Files</Filter>
    </ClInclude>
    <ClInclude Include="include\Debug.hpp">
      <Filter>Header Files</Filter>
    </ClInclude>
    <ClInclude Include="include\Drawable.hpp">
      <Filter>Header Files</Filter>
    </ClInclude>
    <ClInclude Include="include\FileUtil.hpp">
      <Filter>Header Files</Filter>
    </ClInclude>
    <ClInclude Include="include\Game.hpp">
      <Filter>Header Files</Filter>
    </ClInclude>
    <ClInclude Include="include\GLHandler.hpp">
      <Filter>Header Files</Filter>
    </ClInclude>
    <ClInclude Include="include\Globals.hpp">
      <Filter>Header Files</Filter>
    </ClInclude>
    <ClInclude Include="include\GLRenderObject.hpp">
      <Filter>Header Files</Filter>
    </ClInclude>
    <ClInclude Include="include\Input.hpp">
      <Filter>Header Files</Filter>
    </ClInclude>
    <ClInclude Include="include\Object.hpp">
      <Filter>Header Files</Filter>
    </ClInclude>
    <ClInclude Include="include\Position.hpp">
      <Filter>Header Files</Filter>
    </ClInclude>
    <ClInclude Include="include\Rectangle.hpp">
      <Filter>Header Files</Filter>
    </ClInclude>
    <ClInclude Include="include\RenderPackage.hpp">
      <Filter>Header Files</Filter>
    </ClInclude>
    <ClInclude Include="include\Scene.hpp">
      <Filter>Header Files</Filter>
    </ClInclude>
    <ClInclude Include="include\ShaderHandler.hpp">
      <Filter>Header Files</Filter>
    </ClInclude>
    <ClInclude Include="include\Shape.hpp">
      <Filter>Header Files</Filter>
    </ClInclude>
    <ClInclude Include="include\shapegl.hpp">
      <Filter>Header Files</Filter>
    </ClInclude>
    <ClInclude Include="include\Square.hpp">
      <Filter>Header Files</Filter>
    </ClInclude>
    <ClInclude Include="include\Timer.hpp">
      <Filter>Header Files</Filter>
    </ClInclude>
    <ClInclude Include="include\Triangle.hpp">
      <Filter>Header Files</Filter>
    </ClInclude>
    <ClInclude Include="include\VertexGenerator.hpp">
      <Filter>Header Files</Filter>
    </ClInclude>
    <ClInclude Include="include\Window.hpp">
      <Filter>Header Files</Filter>
    </ClInclude>
    <ClInclude Include="deps\GLFW\glfw3.h">
      <Filter>Header Files</Filter>
    </ClInclude>
    <ClInclude Include="deps\GLFW\glfw3native.h">
      <Filter>Header Files</Filter>
    </ClInclude>
    <ClInclude Include="shapegame" />
    <ClInclude Include="deps\glcorearb.h">
      <Filter>Header Files</Filter>
    </ClInclude>
    <ClInclude Include="deps\glad\glad.h">
      <Filter>Header Files</Filter>
    </ClInclude>
    <ClInclude Include="deps\KHR\khrplatform.h">
      <Filter>Header Files</Filter>
    </ClInclude>
  </ItemGroup>
  <ItemGroup>
    <Library Include="deps\glfw3.lib" />
  </ItemGroup>
</Project>